// !$*UTF8*$!
{
	archiveVersion = 1;
	classes = {
	};
	objectVersion = 50;
	objects = {

/* Begin PBXBuildFile section */
		BC267A232660F2C0004E2C08 /* AppDelegate.swift in Sources */ = {isa = PBXBuildFile; fileRef = BC267A222660F2C0004E2C08 /* AppDelegate.swift */; };
		BC267A252660F2C0004E2C08 /* SceneDelegate.swift in Sources */ = {isa = PBXBuildFile; fileRef = BC267A242660F2C0004E2C08 /* SceneDelegate.swift */; };
		BC267A272660F2C0004E2C08 /* ViewController.swift in Sources */ = {isa = PBXBuildFile; fileRef = BC267A262660F2C0004E2C08 /* ViewController.swift */; };
		BC267A2A2660F2C0004E2C08 /* Main.storyboard in Resources */ = {isa = PBXBuildFile; fileRef = BC267A282660F2C0004E2C08 /* Main.storyboard */; };
		BC267A2D2660F2C0004E2C08 /* ForkifyApp.xcdatamodeld in Sources */ = {isa = PBXBuildFile; fileRef = BC267A2B2660F2C0004E2C08 /* ForkifyApp.xcdatamodeld */; };
		BC267A2F2660F2C2004E2C08 /* Assets.xcassets in Resources */ = {isa = PBXBuildFile; fileRef = BC267A2E2660F2C2004E2C08 /* Assets.xcassets */; };
		BC267A322660F2C2004E2C08 /* LaunchScreen.storyboard in Resources */ = {isa = PBXBuildFile; fileRef = BC267A302660F2C2004E2C08 /* LaunchScreen.storyboard */; };
		BC267A3D2660F2C2004E2C08 /* ForkifyAppTests.swift in Sources */ = {isa = PBXBuildFile; fileRef = BC267A3C2660F2C2004E2C08 /* ForkifyAppTests.swift */; };
		BC267A482660F2C2004E2C08 /* ForkifyAppUITests.swift in Sources */ = {isa = PBXBuildFile; fileRef = BC267A472660F2C2004E2C08 /* ForkifyAppUITests.swift */; };
/* End PBXBuildFile section */

/* Begin PBXContainerItemProxy section */
		BC267A392660F2C2004E2C08 /* PBXContainerItemProxy */ = {
			isa = PBXContainerItemProxy;
			containerPortal = BC267A172660F2C0004E2C08 /* Project object */;
			proxyType = 1;
			remoteGlobalIDString = BC267A1E2660F2C0004E2C08;
			remoteInfo = ForkifyApp;
		};
		BC267A442660F2C2004E2C08 /* PBXContainerItemProxy */ = {
			isa = PBXContainerItemProxy;
			containerPortal = BC267A172660F2C0004E2C08 /* Project object */;
			proxyType = 1;
			remoteGlobalIDString = BC267A1E2660F2C0004E2C08;
			remoteInfo = ForkifyApp;
		};
/* End PBXContainerItemProxy section */

/* Begin PBXFileReference section */
		BC267A1F2660F2C0004E2C08 /* ForkifyApp.app */ = {isa = PBXFileReference; explicitFileType = wrapper.application; includeInIndex = 0; path = ForkifyApp.app; sourceTree = BUILT_PRODUCTS_DIR; };
		BC267A222660F2C0004E2C08 /* AppDelegate.swift */ = {isa = PBXFileReference; lastKnownFileType = sourcecode.swift; path = AppDelegate.swift; sourceTree = "<group>"; };
		BC267A242660F2C0004E2C08 /* SceneDelegate.swift */ = {isa = PBXFileReference; lastKnownFileType = sourcecode.swift; path = SceneDelegate.swift; sourceTree = "<group>"; };
		BC267A262660F2C0004E2C08 /* ViewController.swift */ = {isa = PBXFileReference; lastKnownFileType = sourcecode.swift; path = ViewController.swift; sourceTree = "<group>"; };
		BC267A292660F2C0004E2C08 /* Base */ = {isa = PBXFileReference; lastKnownFileType = file.storyboard; name = Base; path = Base.lproj/Main.storyboard; sourceTree = "<group>"; };
		BC267A2C2660F2C0004E2C08 /* ForkifyApp.xcdatamodel */ = {isa = PBXFileReference; lastKnownFileType = wrapper.xcdatamodel; path = ForkifyApp.xcdatamodel; sourceTree = "<group>"; };
		BC267A2E2660F2C2004E2C08 /* Assets.xcassets */ = {isa = PBXFileReference; lastKnownFileType = folder.assetcatalog; path = Assets.xcassets; sourceTree = "<group>"; };
		BC267A312660F2C2004E2C08 /* Base */ = {isa = PBXFileReference; lastKnownFileType = file.storyboard; name = Base; path = Base.lproj/LaunchScreen.storyboard; sourceTree = "<group>"; };
		BC267A332660F2C2004E2C08 /* Info.plist */ = {isa = PBXFileReference; lastKnownFileType = text.plist.xml; path = Info.plist; sourceTree = "<group>"; };
		BC267A382660F2C2004E2C08 /* ForkifyAppTests.xctest */ = {isa = PBXFileReference; explicitFileType = wrapper.cfbundle; includeInIndex = 0; path = ForkifyAppTests.xctest; sourceTree = BUILT_PRODUCTS_DIR; };
		BC267A3C2660F2C2004E2C08 /* ForkifyAppTests.swift */ = {isa = PBXFileReference; lastKnownFileType = sourcecode.swift; path = ForkifyAppTests.swift; sourceTree = "<group>"; };
		BC267A3E2660F2C2004E2C08 /* Info.plist */ = {isa = PBXFileReference; lastKnownFileType = text.plist.xml; path = Info.plist; sourceTree = "<group>"; };
		BC267A432660F2C2004E2C08 /* ForkifyAppUITests.xctest */ = {isa = PBXFileReference; explicitFileType = wrapper.cfbundle; includeInIndex = 0; path = ForkifyAppUITests.xctest; sourceTree = BUILT_PRODUCTS_DIR; };
		BC267A472660F2C2004E2C08 /* ForkifyAppUITests.swift */ = {isa = PBXFileReference; lastKnownFileType = sourcecode.swift; path = ForkifyAppUITests.swift; sourceTree = "<group>"; };
		BC267A492660F2C2004E2C08 /* Info.plist */ = {isa = PBXFileReference; lastKnownFileType = text.plist.xml; path = Info.plist; sourceTree = "<group>"; };
/* End PBXFileReference section */

/* Begin PBXFrameworksBuildPhase section */
		BC267A1C2660F2C0004E2C08 /* Frameworks */ = {
			isa = PBXFrameworksBuildPhase;
			buildActionMask = 2147483647;
			files = (
			);
			runOnlyForDeploymentPostprocessing = 0;
		};
		BC267A352660F2C2004E2C08 /* Frameworks */ = {
			isa = PBXFrameworksBuildPhase;
			buildActionMask = 2147483647;
			files = (
			);
			runOnlyForDeploymentPostprocessing = 0;
		};
		BC267A402660F2C2004E2C08 /* Frameworks */ = {
			isa = PBXFrameworksBuildPhase;
			buildActionMask = 2147483647;
			files = (
			);
			runOnlyForDeploymentPostprocessing = 0;
		};
/* End PBXFrameworksBuildPhase section */

/* Begin PBXGroup section */
		BC267A162660F2C0004E2C08 = {
			isa = PBXGroup;
			children = (
				BC267A212660F2C0004E2C08 /* ForkifyApp */,
				BC267A3B2660F2C2004E2C08 /* ForkifyAppTests */,
				BC267A462660F2C2004E2C08 /* ForkifyAppUITests */,
				BC267A202660F2C0004E2C08 /* Products */,
			);
			sourceTree = "<group>";
		};
		BC267A202660F2C0004E2C08 /* Products */ = {
			isa = PBXGroup;
			children = (
				BC267A1F2660F2C0004E2C08 /* ForkifyApp.app */,
				BC267A382660F2C2004E2C08 /* ForkifyAppTests.xctest */,
				BC267A432660F2C2004E2C08 /* ForkifyAppUITests.xctest */,
			);
			name = Products;
			sourceTree = "<group>";
		};
		BC267A212660F2C0004E2C08 /* ForkifyApp */ = {
			isa = PBXGroup;
			children = (
				BC267A222660F2C0004E2C08 /* AppDelegate.swift */,
				BC267A242660F2C0004E2C08 /* SceneDelegate.swift */,
				BC267A262660F2C0004E2C08 /* ViewController.swift */,
				BC267A282660F2C0004E2C08 /* Main.storyboard */,
				BC267A2E2660F2C2004E2C08 /* Assets.xcassets */,
				BC267A302660F2C2004E2C08 /* LaunchScreen.storyboard */,
				BC267A332660F2C2004E2C08 /* Info.plist */,
				BC267A2B2660F2C0004E2C08 /* ForkifyApp.xcdatamodeld */,
			);
			path = ForkifyApp;
			sourceTree = "<group>";
		};
		BC267A3B2660F2C2004E2C08 /* ForkifyAppTests */ = {
			isa = PBXGroup;
			children = (
				BC267A3C2660F2C2004E2C08 /* ForkifyAppTests.swift */,
				BC267A3E2660F2C2004E2C08 /* Info.plist */,
			);
			path = ForkifyAppTests;
			sourceTree = "<group>";
		};
		BC267A462660F2C2004E2C08 /* ForkifyAppUITests */ = {
			isa = PBXGroup;
			children = (
				BC267A472660F2C2004E2C08 /* ForkifyAppUITests.swift */,
				BC267A492660F2C2004E2C08 /* Info.plist */,
			);
			path = ForkifyAppUITests;
			sourceTree = "<group>";
		};
/* End PBXGroup section */

/* Begin PBXNativeTarget section */
		BC267A1E2660F2C0004E2C08 /* ForkifyApp */ = {
			isa = PBXNativeTarget;
			buildConfigurationList = BC267A4C2660F2C2004E2C08 /* Build configuration list for PBXNativeTarget "ForkifyApp" */;
			buildPhases = (
				BC267A1B2660F2C0004E2C08 /* Sources */,
				BC267A1C2660F2C0004E2C08 /* Frameworks */,
				BC267A1D2660F2C0004E2C08 /* Resources */,
			);
			buildRules = (
			);
			dependencies = (
			);
			name = ForkifyApp;
			productName = ForkifyApp;
			productReference = BC267A1F2660F2C0004E2C08 /* ForkifyApp.app */;
			productType = "com.apple.product-type.application";
		};
		BC267A372660F2C2004E2C08 /* ForkifyAppTests */ = {
			isa = PBXNativeTarget;
			buildConfigurationList = BC267A4F2660F2C2004E2C08 /* Build configuration list for PBXNativeTarget "ForkifyAppTests" */;
			buildPhases = (
				BC267A342660F2C2004E2C08 /* Sources */,
				BC267A352660F2C2004E2C08 /* Frameworks */,
				BC267A362660F2C2004E2C08 /* Resources */,
			);
			buildRules = (
			);
			dependencies = (
				BC267A3A2660F2C2004E2C08 /* PBXTargetDependency */,
			);
			name = ForkifyAppTests;
			productName = ForkifyAppTests;
			productReference = BC267A382660F2C2004E2C08 /* ForkifyAppTests.xctest */;
			productType = "com.apple.product-type.bundle.unit-test";
		};
		BC267A422660F2C2004E2C08 /* ForkifyAppUITests */ = {
			isa = PBXNativeTarget;
			buildConfigurationList = BC267A522660F2C2004E2C08 /* Build configuration list for PBXNativeTarget "ForkifyAppUITests" */;
			buildPhases = (
				BC267A3F2660F2C2004E2C08 /* Sources */,
				BC267A402660F2C2004E2C08 /* Frameworks */,
				BC267A412660F2C2004E2C08 /* Resources */,
			);
			buildRules = (
			);
			dependencies = (
				BC267A452660F2C2004E2C08 /* PBXTargetDependency */,
			);
			name = ForkifyAppUITests;
			productName = ForkifyAppUITests;
			productReference = BC267A432660F2C2004E2C08 /* ForkifyAppUITests.xctest */;
			productType = "com.apple.product-type.bundle.ui-testing";
		};
/* End PBXNativeTarget section */

/* Begin PBXProject section */
		BC267A172660F2C0004E2C08 /* Project object */ = {
			isa = PBXProject;
			attributes = {
				LastSwiftUpdateCheck = 1240;
				LastUpgradeCheck = 1240;
				TargetAttributes = {
					BC267A1E2660F2C0004E2C08 = {
						CreatedOnToolsVersion = 12.4;
					};
					BC267A372660F2C2004E2C08 = {
						CreatedOnToolsVersion = 12.4;
						TestTargetID = BC267A1E2660F2C0004E2C08;
					};
					BC267A422660F2C2004E2C08 = {
						CreatedOnToolsVersion = 12.4;
						TestTargetID = BC267A1E2660F2C0004E2C08;
					};
				};
			};
			buildConfigurationList = BC267A1A2660F2C0004E2C08 /* Build configuration list for PBXProject "ForkifyApp" */;
			compatibilityVersion = "Xcode 9.3";
			developmentRegion = en;
			hasScannedForEncodings = 0;
			knownRegions = (
				en,
				Base,
			);
			mainGroup = BC267A162660F2C0004E2C08;
			productRefGroup = BC267A202660F2C0004E2C08 /* Products */;
			projectDirPath = "";
			projectRoot = "";
			targets = (
				BC267A1E2660F2C0004E2C08 /* ForkifyApp */,
				BC267A372660F2C2004E2C08 /* ForkifyAppTests */,
				BC267A422660F2C2004E2C08 /* ForkifyAppUITests */,
			);
		};
/* End PBXProject section */

/* Begin PBXResourcesBuildPhase section */
		BC267A1D2660F2C0004E2C08 /* Resources */ = {
			isa = PBXResourcesBuildPhase;
			buildActionMask = 2147483647;
			files = (
				BC267A322660F2C2004E2C08 /* LaunchScreen.storyboard in Resources */,
				BC267A2F2660F2C2004E2C08 /* Assets.xcassets in Resources */,
				BC267A2A2660F2C0004E2C08 /* Main.storyboard in Resources */,
			);
			runOnlyForDeploymentPostprocessing = 0;
		};
		BC267A362660F2C2004E2C08 /* Resources */ = {
			isa = PBXResourcesBuildPhase;
			buildActionMask = 2147483647;
			files = (
			);
			runOnlyForDeploymentPostprocessing = 0;
		};
		BC267A412660F2C2004E2C08 /* Resources */ = {
			isa = PBXResourcesBuildPhase;
			buildActionMask = 2147483647;
			files = (
			);
			runOnlyForDeploymentPostprocessing = 0;
		};
/* End PBXResourcesBuildPhase section */

/* Begin PBXSourcesBuildPhase section */
		BC267A1B2660F2C0004E2C08 /* Sources */ = {
			isa = PBXSourcesBuildPhase;
			buildActionMask = 2147483647;
			files = (
				BC267A272660F2C0004E2C08 /* ViewController.swift in Sources */,
				BC267A232660F2C0004E2C08 /* AppDelegate.swift in Sources */,
				BC267A2D2660F2C0004E2C08 /* ForkifyApp.xcdatamodeld in Sources */,
				BC267A252660F2C0004E2C08 /* SceneDelegate.swift in Sources */,
			);
			runOnlyForDeploymentPostprocessing = 0;
		};
		BC267A342660F2C2004E2C08 /* Sources */ = {
			isa = PBXSourcesBuildPhase;
			buildActionMask = 2147483647;
			files = (
				BC267A3D2660F2C2004E2C08 /* ForkifyAppTests.swift in Sources */,
			);
			runOnlyForDeploymentPostprocessing = 0;
		};
		BC267A3F2660F2C2004E2C08 /* Sources */ = {
			isa = PBXSourcesBuildPhase;
			buildActionMask = 2147483647;
			files = (
				BC267A482660F2C2004E2C08 /* ForkifyAppUITests.swift in Sources */,
			);
			runOnlyForDeploymentPostprocessing = 0;
		};
/* End PBXSourcesBuildPhase section */

/* Begin PBXTargetDependency section */
		BC267A3A2660F2C2004E2C08 /* PBXTargetDependency */ = {
			isa = PBXTargetDependency;
			target = BC267A1E2660F2C0004E2C08 /* ForkifyApp */;
			targetProxy = BC267A392660F2C2004E2C08 /* PBXContainerItemProxy */;
		};
		BC267A452660F2C2004E2C08 /* PBXTargetDependency */ = {
			isa = PBXTargetDependency;
			target = BC267A1E2660F2C0004E2C08 /* ForkifyApp */;
			targetProxy = BC267A442660F2C2004E2C08 /* PBXContainerItemProxy */;
		};
/* End PBXTargetDependency section */

/* Begin PBXVariantGroup section */
		BC267A282660F2C0004E2C08 /* Main.storyboard */ = {
			isa = PBXVariantGroup;
			children = (
				BC267A292660F2C0004E2C08 /* Base */,
			);
			name = Main.storyboard;
			sourceTree = "<group>";
		};
		BC267A302660F2C2004E2C08 /* LaunchScreen.storyboard */ = {
			isa = PBXVariantGroup;
			children = (
				BC267A312660F2C2004E2C08 /* Base */,
			);
			name = LaunchScreen.storyboard;
			sourceTree = "<group>";
		};
/* End PBXVariantGroup section */

/* Begin XCBuildConfiguration section */
		BC267A4A2660F2C2004E2C08 /* Debug */ = {
			isa = XCBuildConfiguration;
			buildSettings = {
				ALWAYS_SEARCH_USER_PATHS = NO;
				CLANG_ANALYZER_NONNULL = YES;
				CLANG_ANALYZER_NUMBER_OBJECT_CONVERSION = YES_AGGRESSIVE;
				CLANG_CXX_LANGUAGE_STANDARD = "gnu++14";
				CLANG_CXX_LIBRARY = "libc++";
				CLANG_ENABLE_MODULES = YES;
				CLANG_ENABLE_OBJC_ARC = YES;
				CLANG_ENABLE_OBJC_WEAK = YES;
				CLANG_WARN_BLOCK_CAPTURE_AUTORELEASING = YES;
				CLANG_WARN_BOOL_CONVERSION = YES;
				CLANG_WARN_COMMA = YES;
				CLANG_WARN_CONSTANT_CONVERSION = YES;
				CLANG_WARN_DEPRECATED_OBJC_IMPLEMENTATIONS = YES;
				CLANG_WARN_DIRECT_OBJC_ISA_USAGE = YES_ERROR;
				CLANG_WARN_DOCUMENTATION_COMMENTS = YES;
				CLANG_WARN_EMPTY_BODY = YES;
				CLANG_WARN_ENUM_CONVERSION = YES;
				CLANG_WARN_INFINITE_RECURSION = YES;
				CLANG_WARN_INT_CONVERSION = YES;
				CLANG_WARN_NON_LITERAL_NULL_CONVERSION = YES;
				CLANG_WARN_OBJC_IMPLICIT_RETAIN_SELF = YES;
				CLANG_WARN_OBJC_LITERAL_CONVERSION = YES;
				CLANG_WARN_OBJC_ROOT_CLASS = YES_ERROR;
				CLANG_WARN_QUOTED_INCLUDE_IN_FRAMEWORK_HEADER = YES;
				CLANG_WARN_RANGE_LOOP_ANALYSIS = YES;
				CLANG_WARN_STRICT_PROTOTYPES = YES;
				CLANG_WARN_SUSPICIOUS_MOVE = YES;
				CLANG_WARN_UNGUARDED_AVAILABILITY = YES_AGGRESSIVE;
				CLANG_WARN_UNREACHABLE_CODE = YES;
				CLANG_WARN__DUPLICATE_METHOD_MATCH = YES;
				COPY_PHASE_STRIP = NO;
				DEBUG_INFORMATION_FORMAT = dwarf;
				ENABLE_STRICT_OBJC_MSGSEND = YES;
				ENABLE_TESTABILITY = YES;
				GCC_C_LANGUAGE_STANDARD = gnu11;
				GCC_DYNAMIC_NO_PIC = NO;
				GCC_NO_COMMON_BLOCKS = YES;
				GCC_OPTIMIZATION_LEVEL = 0;
				GCC_PREPROCESSOR_DEFINITIONS = (
					"DEBUG=1",
					"$(inherited)",
				);
				GCC_WARN_64_TO_32_BIT_CONVERSION = YES;
				GCC_WARN_ABOUT_RETURN_TYPE = YES_ERROR;
				GCC_WARN_UNDECLARED_SELECTOR = YES;
				GCC_WARN_UNINITIALIZED_AUTOS = YES_AGGRESSIVE;
				GCC_WARN_UNUSED_FUNCTION = YES;
				GCC_WARN_UNUSED_VARIABLE = YES;
				IPHONEOS_DEPLOYMENT_TARGET = 14.4;
				MTL_ENABLE_DEBUG_INFO = INCLUDE_SOURCE;
				MTL_FAST_MATH = YES;
				ONLY_ACTIVE_ARCH = YES;
				SDKROOT = iphoneos;
				SWIFT_ACTIVE_COMPILATION_CONDITIONS = DEBUG;
				SWIFT_OPTIMIZATION_LEVEL = "-Onone";
			};
			name = Debug;
		};
		BC267A4B2660F2C2004E2C08 /* Release */ = {
			isa = XCBuildConfiguration;
			buildSettings = {
				ALWAYS_SEARCH_USER_PATHS = NO;
				CLANG_ANALYZER_NONNULL = YES;
				CLANG_ANALYZER_NUMBER_OBJECT_CONVERSION = YES_AGGRESSIVE;
				CLANG_CXX_LANGUAGE_STANDARD = "gnu++14";
				CLANG_CXX_LIBRARY = "libc++";
				CLANG_ENABLE_MODULES = YES;
				CLANG_ENABLE_OBJC_ARC = YES;
				CLANG_ENABLE_OBJC_WEAK = YES;
				CLANG_WARN_BLOCK_CAPTURE_AUTORELEASING = YES;
				CLANG_WARN_BOOL_CONVERSION = YES;
				CLANG_WARN_COMMA = YES;
				CLANG_WARN_CONSTANT_CONVERSION = YES;
				CLANG_WARN_DEPRECATED_OBJC_IMPLEMENTATIONS = YES;
				CLANG_WARN_DIRECT_OBJC_ISA_USAGE = YES_ERROR;
				CLANG_WARN_DOCUMENTATION_COMMENTS = YES;
				CLANG_WARN_EMPTY_BODY = YES;
				CLANG_WARN_ENUM_CONVERSION = YES;
				CLANG_WARN_INFINITE_RECURSION = YES;
				CLANG_WARN_INT_CONVERSION = YES;
				CLANG_WARN_NON_LITERAL_NULL_CONVERSION = YES;
				CLANG_WARN_OBJC_IMPLICIT_RETAIN_SELF = YES;
				CLANG_WARN_OBJC_LITERAL_CONVERSION = YES;
				CLANG_WARN_OBJC_ROOT_CLASS = YES_ERROR;
				CLANG_WARN_QUOTED_INCLUDE_IN_FRAMEWORK_HEADER = YES;
				CLANG_WARN_RANGE_LOOP_ANALYSIS = YES;
				CLANG_WARN_STRICT_PROTOTYPES = YES;
				CLANG_WARN_SUSPICIOUS_MOVE = YES;
				CLANG_WARN_UNGUARDED_AVAILABILITY = YES_AGGRESSIVE;
				CLANG_WARN_UNREACHABLE_CODE = YES;
				CLANG_WARN__DUPLICATE_METHOD_MATCH = YES;
				COPY_PHASE_STRIP = NO;
				DEBUG_INFORMATION_FORMAT = "dwarf-with-dsym";
				ENABLE_NS_ASSERTIONS = NO;
				ENABLE_STRICT_OBJC_MSGSEND = YES;
				GCC_C_LANGUAGE_STANDARD = gnu11;
				GCC_NO_COMMON_BLOCKS = YES;
				GCC_WARN_64_TO_32_BIT_CONVERSION = YES;
				GCC_WARN_ABOUT_RETURN_TYPE = YES_ERROR;
				GCC_WARN_UNDECLARED_SELECTOR = YES;
				GCC_WARN_UNINITIALIZED_AUTOS = YES_AGGRESSIVE;
				GCC_WARN_UNUSED_FUNCTION = YES;
				GCC_WARN_UNUSED_VARIABLE = YES;
				IPHONEOS_DEPLOYMENT_TARGET = 14.4;
				MTL_ENABLE_DEBUG_INFO = NO;
				MTL_FAST_MATH = YES;
				SDKROOT = iphoneos;
				SWIFT_COMPILATION_MODE = wholemodule;
				SWIFT_OPTIMIZATION_LEVEL = "-O";
				VALIDATE_PRODUCT = YES;
			};
			name = Release;
		};
		BC267A4D2660F2C2004E2C08 /* Debug */ = {
			isa = XCBuildConfiguration;
			buildSettings = {
				ASSETCATALOG_COMPILER_APPICON_NAME = AppIcon;
				ASSETCATALOG_COMPILER_GLOBAL_ACCENT_COLOR_NAME = AccentColor;
				CODE_SIGN_STYLE = Automatic;
				DEVELOPMENT_TEAM = LRM5TGLZMZ;
				INFOPLIST_FILE = ForkifyApp/Info.plist;
				LD_RUNPATH_SEARCH_PATHS = (
					"$(inherited)",
					"@executable_path/Frameworks",
				);
				PRODUCT_BUNDLE_IDENTIFIER = "org.adham-ragab.com.ForkifyApp";
				PRODUCT_NAME = "$(TARGET_NAME)";
				SWIFT_VERSION = 5.0;
				TARGETED_DEVICE_FAMILY = "1,2";
			};
			name = Debug;
		};
		BC267A4E2660F2C2004E2C08 /* Release */ = {
			isa = XCBuildConfiguration;
			buildSettings = {
				ASSETCATALOG_COMPILER_APPICON_NAME = AppIcon;
				ASSETCATALOG_COMPILER_GLOBAL_ACCENT_COLOR_NAME = AccentColor;
				CODE_SIGN_STYLE = Automatic;
				DEVELOPMENT_TEAM = LRM5TGLZMZ;
				INFOPLIST_FILE = ForkifyApp/Info.plist;
				LD_RUNPATH_SEARCH_PATHS = (
					"$(inherited)",
					"@executable_path/Frameworks",
				);
				PRODUCT_BUNDLE_IDENTIFIER = "org.adham-ragab.com.ForkifyApp";
				PRODUCT_NAME = "$(TARGET_NAME)";
				SWIFT_VERSION = 5.0;
				TARGETED_DEVICE_FAMILY = "1,2";
			};
			name = Release;
		};
		BC267A502660F2C2004E2C08 /* Debug */ = {
			isa = XCBuildConfiguration;
			buildSettings = {
				ALWAYS_EMBED_SWIFT_STANDARD_LIBRARIES = YES;
				BUNDLE_LOADER = "$(TEST_HOST)";
				CODE_SIGN_STYLE = Automatic;
				DEVELOPMENT_TEAM = LRM5TGLZMZ;
				INFOPLIST_FILE = ForkifyAppTests/Info.plist;
				IPHONEOS_DEPLOYMENT_TARGET = 14.4;
				LD_RUNPATH_SEARCH_PATHS = (
					"$(inherited)",
					"@executable_path/Frameworks",
					"@loader_path/Frameworks",
				);
				PRODUCT_BUNDLE_IDENTIFIER = "org.adham-ragab.com.ForkifyAppTests";
				PRODUCT_NAME = "$(TARGET_NAME)";
				SWIFT_VERSION = 5.0;
				TARGETED_DEVICE_FAMILY = "1,2";
				TEST_HOST = "$(BUILT_PRODUCTS_DIR)/ForkifyApp.app/ForkifyApp";
			};
			name = Debug;
		};
		BC267A512660F2C2004E2C08 /* Release */ = {
			isa = XCBuildConfiguration;
			buildSettings = {
				ALWAYS_EMBED_SWIFT_STANDARD_LIBRARIES = YES;
				BUNDLE_LOADER = "$(TEST_HOST)";
				CODE_SIGN_STYLE = Automatic;
				DEVELOPMENT_TEAM = LRM5TGLZMZ;
				INFOPLIST_FILE = ForkifyAppTests/Info.plist;
				IPHONEOS_DEPLOYMENT_TARGET = 14.4;
				LD_RUNPATH_SEARCH_PATHS = (
					"$(inherited)",
					"@executable_path/Frameworks",
					"@loader_path/Frameworks",
				);
				PRODUCT_BUNDLE_IDENTIFIER = "org.adham-ragab.com.ForkifyAppTests";
				PRODUCT_NAME = "$(TARGET_NAME)";
				SWIFT_VERSION = 5.0;
				TARGETED_DEVICE_FAMILY = "1,2";
				TEST_HOST = "$(BUILT_PRODUCTS_DIR)/ForkifyApp.app/ForkifyApp";
			};
			name = Release;
		};
		BC267A532660F2C2004E2C08 /* Debug */ = {
			isa = XCBuildConfiguration;
			buildSettings = {
				ALWAYS_EMBED_SWIFT_STANDARD_LIBRARIES = YES;
				CODE_SIGN_STYLE = Automatic;
				DEVELOPMENT_TEAM = LRM5TGLZMZ;
				INFOPLIST_FILE = ForkifyAppUITests/Info.plist;
				LD_RUNPATH_SEARCH_PATHS = (
					"$(inherited)",
					"@executable_path/Frameworks",
					"@loader_path/Frameworks",
				);
				PRODUCT_BUNDLE_IDENTIFIER = "org.adham-ragab.com.ForkifyAppUITests";
				PRODUCT_NAME = "$(TARGET_NAME)";
				SWIFT_VERSION = 5.0;
				TARGETED_DEVICE_FAMILY = "1,2";
				TEST_TARGET_NAME = ForkifyApp;
			};
			name = Debug;
		};
		BC267A542660F2C2004E2C08 /* Release */ = {
			isa = XCBuildConfiguration;
			buildSettings = {
				ALWAYS_EMBED_SWIFT_STANDARD_LIBRARIES = YES;
				CODE_SIGN_STYLE = Automatic;
				DEVELOPMENT_TEAM = LRM5TGLZMZ;
				INFOPLIST_FILE = ForkifyAppUITests/Info.plist;
				LD_RUNPATH_SEARCH_PATHS = (
					"$(inherited)",
					"@executable_path/Frameworks",
					"@loader_path/Frameworks",
				);
				PRODUCT_BUNDLE_IDENTIFIER = "org.adham-ragab.com.ForkifyAppUITests";
				PRODUCT_NAME = "$(TARGET_NAME)";
				SWIFT_VERSION = 5.0;
				TARGETED_DEVICE_FAMILY = "1,2";
				TEST_TARGET_NAME = ForkifyApp;
			};
			name = Release;
		};
/* End XCBuildConfiguration section */

/* Begin XCConfigurationList section */
		BC267A1A2660F2C0004E2C08 /* Build configuration list for PBXProject "ForkifyApp" */ = {
			isa = XCConfigurationList;
			buildConfigurations = (
				BC267A4A2660F2C2004E2C08 /* Debug */,
				BC267A4B2660F2C2004E2C08 /* Release */,
			);
			defaultConfigurationIsVisible = 0;
			defaultConfigurationName = Release;
		};
		BC267A4C2660F2C2004E2C08 /* Build configuration list for PBXNativeTarget "ForkifyApp" */ = {
			isa = XCConfigurationList;
			buildConfigurations = (
				BC267A4D2660F2C2004E2C08 /* Debug */,
				BC267A4E2660F2C2004E2C08 /* Release */,
			);
			defaultConfigurationIsVisible = 0;
			defaultConfigurationName = Release;
		};
		BC267A4F2660F2C2004E2C08 /* Build configuration list for PBXNativeTarget "ForkifyAppTests" */ = {
			isa = XCConfigurationList;
			buildConfigurations = (
				BC267A502660F2C2004E2C08 /* Debug */,
				BC267A512660F2C2004E2C08 /* Release */,
			);
			defaultConfigurationIsVisible = 0;
			defaultConfigurationName = Release;
		};
		BC267A522660F2C2004E2C08 /* Build configuration list for PBXNativeTarget "ForkifyAppUITests" */ = {
			isa = XCConfigurationList;
			buildConfigurations = (
				BC267A532660F2C2004E2C08 /* Debug */,
				BC267A542660F2C2004E2C08 /* Release */,
			);
			defaultConfigurationIsVisible = 0;
			defaultConfigurationName = Release;
		};
/* End XCConfigurationList section */

/* Begin XCVersionGroup section */
		BC267A2B2660F2C0004E2C08 /* ForkifyApp.xcdatamodeld */ = {
			isa = XCVersionGroup;
			children = (
				BC267A2C2660F2C0004E2C08 /* ForkifyApp.xcdatamodel */,
			);
			currentVersion = BC267A2C2660F2C0004E2C08 /* ForkifyApp.xcdatamodel */;
			path = ForkifyApp.xcdatamodeld;
			sourceTree = "<group>";
			versionGroupType = wrapper.xcdatamodel;
		};
/* End XCVersionGroup section */
	};
	rootObject = BC267A172660F2C0004E2C08 /* Project object */;
}
